
Microsoft Visual Studio Solution File, Format Version 12.00
# Visual Studio Version 17
VisualStudioVersion = 17.7.34018.315
MinimumVisualStudioVersion = 10.0.40219.1
Project("{FAE04EC0-301F-11D3-BF4B-00C04F79EFBC}") = "Exception", "Exception\Exception.csproj", "{9B781499-75D7-4198-83CE-7B0FFB4CB559}"
EndProject
Global
	GlobalSection(SolutionConfigurationPlatforms) = preSolution
		Debug|Any CPU = Debug|Any CPU
		Release|Any CPU = Release|Any CPU
	EndGlobalSection
	GlobalSection(ProjectConfigurationPlatforms) = postSolution
		{9B781499-75D7-4198-83CE-7B0FFB4CB559}.Debug|Any CPU.ActiveCfg = Debug|Any CPU
		{9B781499-75D7-4198-83CE-7B0FFB4CB559}.Debug|Any CPU.Build.0 = Debug|Any CPU
		{9B781499-75D7-4198-83CE-7B0FFB4CB559}.Release|Any CPU.ActiveCfg = Release|Any CPU
		{9B781499-75D7-4198-83CE-7B0FFB4CB559}.Release|Any CPU.Build.0 = Release|Any CPU
	EndGlobalSection
	GlobalSection(SolutionProperties) = preSolution
		HideSolutionNode = FALSE
	EndGlobalSection
	GlobalSection(ExtensibilityGlobals) = postSolution
		SolutionGuid = {46B34101-D813-475B-AD07-6E6690068C4B}
	EndGlobalSection
EndGlobal
